
Microsoft Visual Studio Solution File, Format Version 12.00
# Visual Studio Version 17
VisualStudioVersion = 17.14.36221.1 d17.14
MinimumVisualStudioVersion = 10.0.40219.1
Project("{FAE04EC0-301F-11D3-BF4B-00C04F79EFBC}") = "MaoMao", "MaoMao\MaoMao.csproj", "{C117F045-2CA2-477A-AECB-75DCD4DAA2B4}"
EndProject
Global
	GlobalSection(SolutionConfigurationPlatforms) = preSolution
		Debug|Any CPU = Debug|Any CPU
		Release|Any CPU = Release|Any CPU
	EndGlobalSection
	GlobalSection(ProjectConfigurationPlatforms) = postSolution
		{C117F045-2CA2-477A-AECB-75DCD4DAA2B4}.Debug|Any CPU.ActiveCfg = Debug|Any CPU
		{C117F045-2CA2-477A-AECB-75DCD4DAA2B4}.Debug|Any CPU.Build.0 = Debug|Any CPU
		{C117F045-2CA2-477A-AECB-75DCD4DAA2B4}.Release|Any CPU.ActiveCfg = Release|Any CPU
		{C117F045-2CA2-477A-AECB-75DCD4DAA2B4}.Release|Any CPU.Build.0 = Release|Any CPU
	EndGlobalSection
	GlobalSection(SolutionProperties) = preSolution
		HideSolutionNode = FALSE
	EndGlobalSection
	GlobalSection(ExtensibilityGlobals) = postSolution
		SolutionGuid = {6A39D1DF-7125-436B-A879-8A2B22ED90BF}
	EndGlobalSection
EndGlobal
